
Microsoft Visual Studio Solution File, Format Version 12.00
# Visual Studio 15
VisualStudioVersion = 15.0.27004.2008
MinimumVisualStudioVersion = 10.0.40219.1
Project("{FAE04EC0-301F-11D3-BF4B-00C04F79EFBC}") = "SuperIntendenceApp", "SuperIntendenceApp\SuperIntendenceApp.csproj", "{79FFCF99-ACA3-43B2-9406-1A4E5E61752B}"
EndProject
Project("{FAE04EC0-301F-11D3-BF4B-00C04F79EFBC}") = "SuperIntendencePresentation", "SuperIntendencePresentation\SuperIntendencePresentation.csproj", "{6A6386AA-8F3F-4C9C-B528-BC57D5EEEBDF}"
EndProject
Global
	GlobalSection(SolutionConfigurationPlatforms) = preSolution
		Debug|Any CPU = Debug|Any CPU
		Release|Any CPU = Release|Any CPU
	EndGlobalSection
	GlobalSection(ProjectConfigurationPlatforms) = postSolution
		{79FFCF99-ACA3-43B2-9406-1A4E5E61752B}.Debug|Any CPU.ActiveCfg = Debug|Any CPU
		{79FFCF99-ACA3-43B2-9406-1A4E5E61752B}.Debug|Any CPU.Build.0 = Debug|Any CPU
		{79FFCF99-ACA3-43B2-9406-1A4E5E61752B}.Release|Any CPU.ActiveCfg = Release|Any CPU
		{79FFCF99-ACA3-43B2-9406-1A4E5E61752B}.Release|Any CPU.Build.0 = Release|Any CPU
		{6A6386AA-8F3F-4C9C-B528-BC57D5EEEBDF}.Debug|Any CPU.ActiveCfg = Debug|Any CPU
		{6A6386AA-8F3F-4C9C-B528-BC57D5EEEBDF}.Debug|Any CPU.Build.0 = Debug|Any CPU
		{6A6386AA-8F3F-4C9C-B528-BC57D5EEEBDF}.Release|Any CPU.ActiveCfg = Release|Any CPU
		{6A6386AA-8F3F-4C9C-B528-BC57D5EEEBDF}.Release|Any CPU.Build.0 = Release|Any CPU
	EndGlobalSection
	GlobalSection(SolutionProperties) = preSolution
		HideSolutionNode = FALSE
	EndGlobalSection
	GlobalSection(ExtensibilityGlobals) = postSolution
		SolutionGuid = {A45C0DD5-0EFA-4787-87B3-53250A76EC47}
	EndGlobalSection
EndGlobal
